
Microsoft Visual Studio Solution File, Format Version 12.00
# Visual Studio Version 17
VisualStudioVersion = 17.5.33627.172
MinimumVisualStudioVersion = 10.0.40219.1
Project("{FAE04EC0-301F-11D3-BF4B-00C04F79EFBC}") = "App2.UWP", "App2.UWP\App2.UWP.csproj", "{DA2E7C87-C560-4084-8300-69C0C739B6B0}"
EndProject
Project("{FAE04EC0-301F-11D3-BF4B-00C04F79EFBC}") = "App2.Android", "App2.Android\App2.Android.csproj", "{1E639207-DC5E-49D2-9FDD-9780C21F7F2A}"
EndProject
Project("{FAE04EC0-301F-11D3-BF4B-00C04F79EFBC}") = "App2.iOS", "App2.iOS\App2.iOS.csproj", "{F1CFF243-B92B-47DA-A444-36311BE7F2F9}"
EndProject
Project("{FAE04EC0-301F-11D3-BF4B-00C04F79EFBC}") = "App2", "App2\App2.csproj", "{8BD38E29-DB94-4973-80D6-57B911821ABD}"
EndProject
Global
	GlobalSection(SolutionConfigurationPlatforms) = preSolution
		Debug|Any CPU = Debug|Any CPU
		Debug|ARM = Debug|ARM
		Debug|iPhone = Debug|iPhone
		Debug|iPhoneSimulator = Debug|iPhoneSimulator
		Debug|x64 = Debug|x64
		Debug|x86 = Debug|x86
		Release|Any CPU = Release|Any CPU
		Release|ARM = Release|ARM
		Release|iPhone = Release|iPhone
		Release|iPhoneSimulator = Release|iPhoneSimulator
		Release|x64 = Release|x64
		Release|x86 = Release|x86
	EndGlobalSection
	GlobalSection(ProjectConfigurationPlatforms) = postSolution
		{DA2E7C87-C560-4084-8300-69C0C739B6B0}.Debug|Any CPU.ActiveCfg = Debug|x64
		{DA2E7C87-C560-4084-8300-69C0C739B6B0}.Debug|Any CPU.Build.0 = Debug|x64
		{DA2E7C87-C560-4084-8300-69C0C739B6B0}.Debug|Any CPU.Deploy.0 = Debug|x64
		{DA2E7C87-C560-4084-8300-69C0C739B6B0}.Debug|ARM.ActiveCfg = Debug|ARM
		{DA2E7C87-C560-4084-8300-69C0C739B6B0}.Debug|ARM.Build.0 = Debug|ARM
		{DA2E7C87-C560-4084-8300-69C0C739B6B0}.Debug|ARM.Deploy.0 = Debug|ARM
		{DA2E7C87-C560-4084-8300-69C0C739B6B0}.Debug|iPhone.ActiveCfg = Debug|x64
		{DA2E7C87-C560-4084-8300-69C0C739B6B0}.Debug|iPhone.Build.0 = Debug|x64
		{DA2E7C87-C560-4084-8300-69C0C739B6B0}.Debug|iPhone.Deploy.0 = Debug|x64
		{DA2E7C87-C560-4084-8300-69C0C739B6B0}.Debug|iPhoneSimulator.ActiveCfg = Debug|x64
		{DA2E7C87-C560-4084-8300-69C0C739B6B0}.Debug|iPhoneSimulator.Build.0 = Debug|x64
		{DA2E7C87-C560-4084-8300-69C0C739B6B0}.Debug|iPhoneSimulator.Deploy.0 = Debug|x64
		{DA2E7C87-C560-4084-8300-69C0C739B6B0}.Debug|x64.ActiveCfg = Debug|x64
		{DA2E7C87-C560-4084-8300-69C0C739B6B0}.Debug|x64.Build.0 = Debug|x64
		{DA2E7C87-C560-4084-8300-69C0C739B6B0}.Debug|x64.Deploy.0 = Debug|x64
		{DA2E7C87-C560-4084-8300-69C0C739B6B0}.Debug|x86.ActiveCfg = Debug|x86
		{DA2E7C87-C560-4084-8300-69C0C739B6B0}.Debug|x86.Build.0 = Debug|x86
		{DA2E7C87-C560-4084-8300-69C0C739B6B0}.Debug|x86.Deploy.0 = Debug|x86
		{DA2E7C87-C560-4084-8300-69C0C739B6B0}.Release|Any CPU.ActiveCfg = Release|x64
		{DA2E7C87-C560-4084-8300-69C0C739B6B0}.Release|Any CPU.Build.0 = Release|x64
		{DA2E7C87-C560-4084-8300-69C0C739B6B0}.Release|Any CPU.Deploy.0 = Release|x64
		{DA2E7C87-C560-4084-8300-69C0C739B6B0}.Release|ARM.ActiveCfg = Release|ARM
		{DA2E7C87-C560-4084-8300-69C0C739B6B0}.Release|ARM.Build.0 = Release|ARM
		{DA2E7C87-C560-4084-8300-69C0C739B6B0}.Release|ARM.Deploy.0 = Release|ARM
		{DA2E7C87-C560-4084-8300-69C0C739B6B0}.Release|iPhone.ActiveCfg = Release|x64
		{DA2E7C87-C560-4084-8300-69C0C739B6B0}.Release|iPhone.Build.0 = Release|x64
		{DA2E7C87-C560-4084-8300-69C0C739B6B0}.Release|iPhone.Deploy.0 = Release|x64
		{DA2E7C87-C560-4084-8300-69C0C739B6B0}.Release|iPhoneSimulator.ActiveCfg = Release|x64
		{DA2E7C87-C560-4084-8300-69C0C739B6B0}.Release|iPhoneSimulator.Build.0 = Release|x64
		{DA2E7C87-C560-4084-8300-69C0C739B6B0}.Release|iPhoneSimulator.Deploy.0 = Release|x64
		{DA2E7C87-C560-4084-8300-69C0C739B6B0}.Release|x64.ActiveCfg = Release|x64
		{DA2E7C87-C560-4084-8300-69C0C739B6B0}.Release|x64.Build.0 = Release|x64
		{DA2E7C87-C560-4084-8300-69C0C739B6B0}.Release|x64.Deploy.0 = Release|x64
		{DA2E7C87-C560-4084-8300-69C0C739B6B0}.Release|x86.ActiveCfg = Release|x86
		{DA2E7C87-C560-4084-8300-69C0C739B6B0}.Release|x86.Build.0 = Release|x86
		{DA2E7C87-C560-4084-8300-69C0C739B6B0}.Release|x86.Deploy.0 = Release|x86
		{1E639207-DC5E-49D2-9FDD-9780C21F7F2A}.Debug|Any CPU.ActiveCfg = Debug|Any CPU
		{1E639207-DC5E-49D2-9FDD-9780C21F7F2A}.Debug|Any CPU.Build.0 = Debug|Any CPU
		{1E639207-DC5E-49D2-9FDD-9780C21F7F2A}.Debug|Any CPU.Deploy.0 = Debug|Any CPU
		{1E639207-DC5E-49D2-9FDD-9780C21F7F2A}.Debug|ARM.ActiveCfg = Debug|Any CPU
		{1E639207-DC5E-49D2-9FDD-9780C21F7F2A}.Debug|ARM.Build.0 = Debug|Any CPU
		{1E639207-DC5E-49D2-9FDD-9780C21F7F2A}.Debug|ARM.Deploy.0 = Debug|Any CPU
		{1E639207-DC5E-49D2-9FDD-9780C21F7F2A}.Debug|iPhone.ActiveCfg = Debug|Any CPU
		{1E639207-DC5E-49D2-9FDD-9780C21F7F2A}.Debug|iPhone.Build.0 = Debug|Any CPU
		{1E639207-DC5E-49D2-9FDD-9780C21F7F2A}.Debug|iPhone.Deploy.0 = Debug|Any CPU
		{1E639207-DC5E-49D2-9FDD-9780C21F7F2A}.Debug|iPhoneSimulator.ActiveCfg = Debug|Any CPU
		{1E639207-DC5E-49D2-9FDD-9780C21F7F2A}.Debug|iPhoneSimulator.Build.0 = Debug|Any CPU
		{1E639207-DC5E-49D2-9FDD-9780C21F7F2A}.Debug|iPhoneSimulator.Deploy.0 = Debug|Any CPU
		{1E639207-DC5E-49D2-9FDD-9780C21F7F2A}.Debug|x64.ActiveCfg = Debug|Any CPU
		{1E639207-DC5E-49D2-9FDD-9780C21F7F2A}.Debug|x64.Build.0 = Debug|Any CPU
		{1E639207-DC5E-49D2-9FDD-9780C21F7F2A}.Debug|x64.Deploy.0 = Debug|Any CPU
		{1E639207-DC5E-49D2-9FDD-9780C21F7F2A}.Debug|x86.ActiveCfg = Debug|Any CPU
		{1E639207-DC5E-49D2-9FDD-9780C21F7F2A}.Debug|x86.Build.0 = Debug|Any CPU
		{1E639207-DC5E-49D2-9FDD-9780C21F7F2A}.Debug|x86.Deploy.0 = Debug|Any CPU
		{1E639207-DC5E-49D2-9FDD-9780C21F7F2A}.Release|Any CPU.ActiveCfg = Release|Any CPU
		{1E639207-DC5E-49D2-9FDD-9780C21F7F2A}.Release|Any CPU.Build.0 = Release|Any CPU
		{1E639207-DC5E-49D2-9FDD-9780C21F7F2A}.Release|Any CPU.Deploy.0 = Release|Any CPU
		{1E639207-DC5E-49D2-9FDD-9780C21F7F2A}.Release|ARM.ActiveCfg = Release|Any CPU
		{1E639207-DC5E-49D2-9FDD-9780C21F7F2A}.Release|ARM.Build.0 = Release|Any CPU
		{1E639207-DC5E-49D2-9FDD-9780C21F7F2A}.Release|ARM.Deploy.0 = Release|Any CPU
		{1E639207-DC5E-49D2-9FDD-9780C21F7F2A}.Release|iPhone.ActiveCfg = Release|Any CPU
		{1E639207-DC5E-49D2-9FDD-9780C21F7F2A}.Release|iPhone.Build.0 = Release|Any CPU
		{1E639207-DC5E-49D2-9FDD-9780C21F7F2A}.Release|iPhone.Deploy.0 = Release|Any CPU
		{1E639207-DC5E-49D2-9FDD-9780C21F7F2A}.Release|iPhoneSimulator.ActiveCfg = Release|Any CPU
		{1E639207-DC5E-49D2-9FDD-9780C21F7F2A}.Release|iPhoneSimulator.Build.0 = Release|Any CPU
		{1E639207-DC5E-49D2-9FDD-9780C21F7F2A}.Release|iPhoneSimulator.Deploy.0 = Release|Any CPU
		{1E639207-DC5E-49D2-9FDD-9780C21F7F2A}.Release|x64.ActiveCfg = Release|Any CPU
		{1E639207-DC5E-49D2-9FDD-9780C21F7F2A}.Release|x64.Build.0 = Release|Any CPU
		{1E639207-DC5E-49D2-9FDD-9780C21F7F2A}.Release|x64.Deploy.0 = Release|Any CPU
		{1E639207-DC5E-49D2-9FDD-9780C21F7F2A}.Release|x86.ActiveCfg = Release|Any CPU
		{1E639207-DC5E-49D2-9FDD-9780C21F7F2A}.Release|x86.Build.0 = Release|Any CPU
		{1E639207-DC5E-49D2-9FDD-9780C21F7F2A}.Release|x86.Deploy.0 = Release|Any CPU
		{F1CFF243-B92B-47DA-A444-36311BE7F2F9}.Debug|Any CPU.ActiveCfg = Debug|iPhoneSimulator
		{F1CFF243-B92B-47DA-A444-36311BE7F2F9}.Debug|Any CPU.Build.0 = Debug|iPhoneSimulator
		{F1CFF243-B92B-47DA-A444-36311BE7F2F9}.Debug|Any CPU.Deploy.0 = Debug|iPhoneSimulator
		{F1CFF243-B92B-47DA-A444-36311BE7F2F9}.Debug|ARM.ActiveCfg = Debug|iPhoneSimulator
		{F1CFF243-B92B-47DA-A444-36311BE7F2F9}.Debug|ARM.Build.0 = Debug|iPhoneSimulator
		{F1CFF243-B92B-47DA-A444-36311BE7F2F9}.Debug|ARM.Deploy.0 = Debug|iPhoneSimulator
		{F1CFF243-B92B-47DA-A444-36311BE7F2F9}.Debug|iPhone.ActiveCfg = Debug|iPhone
		{F1CFF243-B92B-47DA-A444-36311BE7F2F9}.Debug|iPhone.Build.0 = Debug|iPhone
		{F1CFF243-B92B-47DA-A444-36311BE7F2F9}.Debug|iPhone.Deploy.0 = Debug|iPhone
		{F1CFF243-B92B-47DA-A444-36311BE7F2F9}.Debug|iPhoneSimulator.ActiveCfg = Debug|iPhoneSimulator
		{F1CFF243-B92B-47DA-A444-36311BE7F2F9}.Debug|iPhoneSimulator.Build.0 = Debug|iPhoneSimulator
		{F1CFF243-B92B-47DA-A444-36311BE7F2F9}.Debug|iPhoneSimulator.Deploy.0 = Debug|iPhoneSimulator
		{F1CFF243-B92B-47DA-A444-36311BE7F2F9}.Debug|x64.ActiveCfg = Debug|iPhone
		{F1CFF243-B92B-47DA-A444-36311BE7F2F9}.Debug|x64.Build.0 = Debug|iPhone
		{F1CFF243-B92B-47DA-A444-36311BE7F2F9}.Debug|x64.Deploy.0 = Debug|iPhone
		{F1CFF243-B92B-47DA-A444-36311BE7F2F9}.Debug|x86.ActiveCfg = Debug|iPhoneSimulator
		{F1CFF243-B92B-47DA-A444-36311BE7F2F9}.Debug|x86.Build.0 = Debug|iPhoneSimulator
		{F1CFF243-B92B-47DA-A444-36311BE7F2F9}.Debug|x86.Deploy.0 = Debug|iPhoneSimulator
		{F1CFF243-B92B-47DA-A444-36311BE7F2F9}.Release|Any CPU.ActiveCfg = Release|iPhoneSimulator
		{F1CFF243-B92B-47DA-A444-36311BE7F2F9}.Release|Any CPU.Build.0 = Release|iPhoneSimulator
		{F1CFF243-B92B-47DA-A444-36311BE7F2F9}.Release|Any CPU.Deploy.0 = Release|iPhoneSimulator
		{F1CFF243-B92B-47DA-A444-36311BE7F2F9}.Release|ARM.ActiveCfg = Release|iPhoneSimulator
		{F1CFF243-B92B-47DA-A444-36311BE7F2F9}.Release|ARM.Build.0 = Release|iPhoneSimulator
		{F1CFF243-B92B-47DA-A444-36311BE7F2F9}.Release|ARM.Deploy.0 = Release|iPhoneSimulator
		{F1CFF243-B92B-47DA-A444-36311BE7F2F9}.Release|iPhone.ActiveCfg = Release|iPhone
		{F1CFF243-B92B-47DA-A444-36311BE7F2F9}.Release|iPhone.Build.0 = Release|iPhone
		{F1CFF243-B92B-47DA-A444-36311BE7F2F9}.Release|iPhone.Deploy.0 = Release|iPhone
		{F1CFF243-B92B-47DA-A444-36311BE7F2F9}.Release|iPhoneSimulator.ActiveCfg = Release|iPhoneSimulator
		{F1CFF243-B92B-47DA-A444-36311BE7F2F9}.Release|iPhoneSimulator.Build.0 = Release|iPhoneSimulator
		{F1CFF243-B92B-47DA-A444-36311BE7F2F9}.Release|iPhoneSimulator.Deploy.0 = Release|iPhoneSimulator
		{F1CFF243-B92B-47DA-A444-36311BE7F2F9}.Release|x64.ActiveCfg = Release|iPhoneSimulator
		{F1CFF243-B92B-47DA-A444-36311BE7F2F9}.Release|x64.Build.0 = Release|iPhoneSimulator
		{F1CFF243-B92B-47DA-A444-36311BE7F2F9}.Release|x64.Deploy.0 = Release|iPhoneSimulator
		{F1CFF243-B92B-47DA-A444-36311BE7F2F9}.Release|x86.ActiveCfg = Release|iPhoneSimulator
		{F1CFF243-B92B-47DA-A444-36311BE7F2F9}.Release|x86.Build.0 = Release|iPhoneSimulator
		{F1CFF243-B92B-47DA-A444-36311BE7F2F9}.Release|x86.Deploy.0 = Release|iPhoneSimulator
		{8BD38E29-DB94-4973-80D6-57B911821ABD}.Debug|Any CPU.ActiveCfg = Debug|Any CPU
		{8BD38E29-DB94-4973-80D6-57B911821ABD}.Debug|Any CPU.Build.0 = Debug|Any CPU
		{8BD38E29-DB94-4973-80D6-57B911821ABD}.Debug|Any CPU.Deploy.0 = Debug|Any CPU
		{8BD38E29-DB94-4973-80D6-57B911821ABD}.Debug|ARM.ActiveCfg = Debug|Any CPU
		{8BD38E29-DB94-4973-80D6-57B911821ABD}.Debug|ARM.Build.0 = Debug|Any CPU
		{8BD38E29-DB94-4973-80D6-57B911821ABD}.Debug|ARM.Deploy.0 = Debug|Any CPU
		{8BD38E29-DB94-4973-80D6-57B911821ABD}.Debug|iPhone.ActiveCfg = Debug|Any CPU
		{8BD38E29-DB94-4973-80D6-57B911821ABD}.Debug|iPhone.Build.0 = Debug|Any CPU
		{8BD38E29-DB94-4973-80D6-57B911821ABD}.Debug|iPhone.Deploy.0 = Debug|Any CPU
		{8BD38E29-DB94-4973-80D6-57B911821ABD}.Debug|iPhoneSimulator.ActiveCfg = Debug|Any CPU
		{8BD38E29-DB94-4973-80D6-57B911821ABD}.Debug|iPhoneSimulator.Build.0 = Debug|Any CPU
		{8BD38E29-DB94-4973-80D6-57B911821ABD}.Debug|iPhoneSimulator.Deploy.0 = Debug|Any CPU
		{8BD38E29-DB94-4973-80D6-57B911821ABD}.Debug|x64.ActiveCfg = Debug|Any CPU
		{8BD38E29-DB94-4973-80D6-57B911821ABD}.Debug|x64.Build.0 = Debug|Any CPU
		{8BD38E29-DB94-4973-80D6-57B911821ABD}.Debug|x64.Deploy.0 = Debug|Any CPU
		{8BD38E29-DB94-4973-80D6-57B911821ABD}.Debug|x86.ActiveCfg = Debug|Any CPU
		{8BD38E29-DB94-4973-80D6-57B911821ABD}.Debug|x86.Build.0 = Debug|Any CPU
		{8BD38E29-DB94-4973-80D6-57B911821ABD}.Debug|x86.Deploy.0 = Debug|Any CPU
		{8BD38E29-DB94-4973-80D6-57B911821ABD}.Release|Any CPU.ActiveCfg = Release|Any CPU
		{8BD38E29-DB94-4973-80D6-57B911821ABD}.Release|Any CPU.Build.0 = Release|Any CPU
		{8BD38E29-DB94-4973-80D6-57B911821ABD}.Release|Any CPU.Deploy.0 = Release|Any CPU
		{8BD38E29-DB94-4973-80D6-57B911821ABD}.Release|ARM.ActiveCfg = Release|Any CPU
		{8BD38E29-DB94-4973-80D6-57B911821ABD}.Release|ARM.Build.0 = Release|Any CPU
		{8BD38E29-DB94-4973-80D6-57B911821ABD}.Release|ARM.Deploy.0 = Release|Any CPU
		{8BD38E29-DB94-4973-80D6-57B911821ABD}.Release|iPhone.ActiveCfg = Release|Any CPU
		{8BD38E29-DB94-4973-80D6-57B911821ABD}.Release|iPhone.Build.0 = Release|Any CPU
		{8BD38E29-DB94-4973-80D6-57B911821ABD}.Release|iPhone.Deploy.0 = Release|Any CPU
		{8BD38E29-DB94-4973-80D6-57B911821ABD}.Release|iPhoneSimulator.ActiveCfg = Release|Any CPU
		{8BD38E29-DB94-4973-80D6-57B911821ABD}.Release|iPhoneSimulator.Build.0 = Release|Any CPU
		{8BD38E29-DB94-4973-80D6-57B911821ABD}.Release|iPhoneSimulator.Deploy.0 = Release|Any CPU
		{8BD38E29-DB94-4973-80D6-57B911821ABD}.Release|x64.ActiveCfg = Release|Any CPU
		{8BD38E29-DB94-4973-80D6-57B911821ABD}.Release|x64.Build.0 = Release|Any CPU
		{8BD38E29-DB94-4973-80D6-57B911821ABD}.Release|x64.Deploy.0 = Release|Any CPU
		{8BD38E29-DB94-4973-80D6-57B911821ABD}.Release|x86.ActiveCfg = Release|Any CPU
		{8BD38E29-DB94-4973-80D6-57B911821ABD}.Release|x86.Build.0 = Release|Any CPU
		{8BD38E29-DB94-4973-80D6-57B911821ABD}.Release|x86.Deploy.0 = Release|Any CPU
	EndGlobalSection
	GlobalSection(SolutionProperties) = preSolution
		HideSolutionNode = FALSE
	EndGlobalSection
	GlobalSection(ExtensibilityGlobals) = postSolution
		SolutionGuid = {A3A240E8-137A-4446-A1BB-BA2BED4BF014}
	EndGlobalSection
EndGlobal
